
Microsoft Visual Studio Solution File, Format Version 12.00
# Visual Studio Version 17
VisualStudioVersion = 17.14.36623.8 d17.14
MinimumVisualStudioVersion = 10.0.40219.1
Project("{FAE04EC0-301F-11D3-BF4B-00C04F79EFBC}") = "PharmacyManagement", "PharmacyManagement\PharmacyManagement.csproj", "{AB9B2034-9FCB-4C73-85E7-B5189AE12B67}"
EndProject
Global
	GlobalSection(SolutionConfigurationPlatforms) = preSolution
		Debug|Any CPU = Debug|Any CPU
		Release|Any CPU = Release|Any CPU
	EndGlobalSection
	GlobalSection(ProjectConfigurationPlatforms) = postSolution
		{AB9B2034-9FCB-4C73-85E7-B5189AE12B67}.Debug|Any CPU.ActiveCfg = Debug|Any CPU
		{AB9B2034-9FCB-4C73-85E7-B5189AE12B67}.Debug|Any CPU.Build.0 = Debug|Any CPU
		{AB9B2034-9FCB-4C73-85E7-B5189AE12B67}.Release|Any CPU.ActiveCfg = Release|Any CPU
		{AB9B2034-9FCB-4C73-85E7-B5189AE12B67}.Release|Any CPU.Build.0 = Release|Any CPU
	EndGlobalSection
	GlobalSection(SolutionProperties) = preSolution
		HideSolutionNode = FALSE
	EndGlobalSection
	GlobalSection(ExtensibilityGlobals) = postSolution
		SolutionGuid = {E0642295-40AD-4729-8C23-251063583DBD}
	EndGlobalSection
EndGlobal
